[root]
name = "pwtools"
version = "0.1.0"
dependencies = [
 "char-iter 0.1.0 (registry+https://github.com/rust-lang/crates.io-index)",
 "getopts 0.2.11 (registry+https://github.com/rust-lang/crates.io-index)",
 "yaml 0.2.0 (registry+https://github.com/rust-lang/crates.io-index)",
]

[[package]]
name = "char-iter"
version = "0.1.0"
source = "registry+https://github.com/rust-lang/crates.io-index"

[[package]]
name = "getopts"
version = "0.2.11"
source = "registry+https://github.com/rust-lang/crates.io-index"
dependencies = [
 "log 0.3.1 (registry+https://github.com/rust-lang/crates.io-index)",
]

[[package]]
name = "libc"
version = "0.1.8"
source = "registry+https://github.com/rust-lang/crates.io-index"

[[package]]
name = "log"
version = "0.3.1"
source = "registry+https://github.com/rust-lang/crates.io-index"
dependencies = [
 "libc 0.1.8 (registry+https://github.com/rust-lang/crates.io-index)",
]

[[package]]
name = "regex"
version = "0.1.33"
source = "registry+https://github.com/rust-lang/crates.io-index"
dependencies = [
 "regex-syntax 0.1.1 (registry+https://github.com/rust-lang/crates.io-index)",
]

[[package]]
name = "regex-syntax"
version = "0.1.1"
source = "registry+https://github.com/rust-lang/crates.io-index"

[[package]]
name = "regex_macros"
version = "0.1.19"
source = "registry+https://github.com/rust-lang/crates.io-index"
dependencies = [
 "regex 0.1.33 (registry+https://github.com/rust-lang/crates.io-index)",
]

[[package]]
name = "yaml"
version = "0.2.0"
source = "registry+https://github.com/rust-lang/crates.io-index"
dependencies = [
 "regex 0.1.33 (registry+https://github.com/rust-lang/crates.io-index)",
 "regex_macros 0.1.19 (registry+https://github.com/rust-lang/crates.io-index)",
]

